
Microsoft Visual Studio Solution File, Format Version 12.00
# Visual Studio 14
VisualStudioVersion = 14.0.24720.0
MinimumVisualStudioVersion = 10.0.40219.1
Project("{FAE04EC0-301F-11D3-BF4B-00C04F79EFBC}") = "Metrics.Reporters.GoogleAnalytics", "Metrics.Reporters.GoogleAnalytics\Metrics.Reporters.GoogleAnalytics.csproj", "{7A270A55-55C3-490D-97DE-FD566D9FFD42}"
EndProject
Project("{FAE04EC0-301F-11D3-BF4B-00C04F79EFBC}") = "Metrics.Reporters.GoogleAnalytics.Playground", "Metrics.Reporters.GoogleAnalytics.Playground\Metrics.Reporters.GoogleAnalytics.Playground.csproj", "{FB7D3E05-ACBA-4153-B12F-BE1ACD4338E0}"
EndProject
Project("{8BB2217D-0F2D-49D1-97BC-3654ED321F3B}") = "GoogleAnalyticsTrackingPlayground", "GoogleAnalyticsTrackingPlayground\GoogleAnalyticsTrackingPlayground.xproj", "{4EA5C27A-E680-4FF7-911B-9F38982C9A8C}"
EndProject
Project("{FAE04EC0-301F-11D3-BF4B-00C04F79EFBC}") = "Metrics.Reporters.GoogleAnalytics.Tracker", "Metrics.Reporters.GoogleAnalytics.Tracker\Metrics.Reporters.GoogleAnalytics.Tracker.csproj", "{4EFBCAEE-3067-4F48-8A65-65E7161EF58B}"
EndProject
Global
	GlobalSection(SolutionConfigurationPlatforms) = preSolution
		Debug|Any CPU = Debug|Any CPU
		Release|Any CPU = Release|Any CPU
	EndGlobalSection
	GlobalSection(ProjectConfigurationPlatforms) = postSolution
		{7A270A55-55C3-490D-97DE-FD566D9FFD42}.Debug|Any CPU.ActiveCfg = Debug|Any CPU
		{7A270A55-55C3-490D-97DE-FD566D9FFD42}.Debug|Any CPU.Build.0 = Debug|Any CPU
		{7A270A55-55C3-490D-97DE-FD566D9FFD42}.Release|Any CPU.ActiveCfg = Release|Any CPU
		{7A270A55-55C3-490D-97DE-FD566D9FFD42}.Release|Any CPU.Build.0 = Release|Any CPU
		{FB7D3E05-ACBA-4153-B12F-BE1ACD4338E0}.Debug|Any CPU.ActiveCfg = Debug|Any CPU
		{FB7D3E05-ACBA-4153-B12F-BE1ACD4338E0}.Debug|Any CPU.Build.0 = Debug|Any CPU
		{FB7D3E05-ACBA-4153-B12F-BE1ACD4338E0}.Release|Any CPU.ActiveCfg = Release|Any CPU
		{FB7D3E05-ACBA-4153-B12F-BE1ACD4338E0}.Release|Any CPU.Build.0 = Release|Any CPU
		{4EA5C27A-E680-4FF7-911B-9F38982C9A8C}.Debug|Any CPU.ActiveCfg = Debug|Any CPU
		{4EA5C27A-E680-4FF7-911B-9F38982C9A8C}.Debug|Any CPU.Build.0 = Debug|Any CPU
		{4EA5C27A-E680-4FF7-911B-9F38982C9A8C}.Release|Any CPU.ActiveCfg = Release|Any CPU
		{4EA5C27A-E680-4FF7-911B-9F38982C9A8C}.Release|Any CPU.Build.0 = Release|Any CPU
		{4EFBCAEE-3067-4F48-8A65-65E7161EF58B}.Debug|Any CPU.ActiveCfg = Debug|Any CPU
		{4EFBCAEE-3067-4F48-8A65-65E7161EF58B}.Debug|Any CPU.Build.0 = Debug|Any CPU
		{4EFBCAEE-3067-4F48-8A65-65E7161EF58B}.Release|Any CPU.ActiveCfg = Release|Any CPU
		{4EFBCAEE-3067-4F48-8A65-65E7161EF58B}.Release|Any CPU.Build.0 = Release|Any CPU
	EndGlobalSection
	GlobalSection(SolutionProperties) = preSolution
		HideSolutionNode = FALSE
	EndGlobalSection
EndGlobal
